
Microsoft Visual Studio Solution File, Format Version 12.00
# Visual Studio Version 17
VisualStudioVersion = 17.3.32825.248
MinimumVisualStudioVersion = 10.0.40219.1
Project("{FAE04EC0-301F-11D3-BF4B-00C04F79EFBC}") = "Elso_projektem", "Elso_projektem\Elso_projektem.csproj", "{2968F9A7-6084-4008-A98C-B9D5CC847DBD}"
EndProject
Global
	GlobalSection(SolutionConfigurationPlatforms) = preSolution
		Debug|Any CPU = Debug|Any CPU
		Release|Any CPU = Release|Any CPU
	EndGlobalSection
	GlobalSection(ProjectConfigurationPlatforms) = postSolution
		{2968F9A7-6084-4008-A98C-B9D5CC847DBD}.Debug|Any CPU.ActiveCfg = Debug|Any CPU
		{2968F9A7-6084-4008-A98C-B9D5CC847DBD}.Debug|Any CPU.Build.0 = Debug|Any CPU
		{2968F9A7-6084-4008-A98C-B9D5CC847DBD}.Release|Any CPU.ActiveCfg = Release|Any CPU
		{2968F9A7-6084-4008-A98C-B9D5CC847DBD}.Release|Any CPU.Build.0 = Release|Any CPU
	EndGlobalSection
	GlobalSection(SolutionProperties) = preSolution
		HideSolutionNode = FALSE
	EndGlobalSection
	GlobalSection(ExtensibilityGlobals) = postSolution
		SolutionGuid = {338DB4BA-8572-4B01-B570-8269C025A123}
	EndGlobalSection
EndGlobal
